
Microsoft Visual Studio Solution File, Format Version 12.00
# Visual Studio Version 17
VisualStudioVersion = 17.11.35208.52
MinimumVisualStudioVersion = 10.0.40219.1
Project("{FAE04EC0-301F-11D3-BF4B-00C04F79EFBC}") = "LeetCodeSolutions", "LeetCodeSolutions.csproj", "{41004ACB-29DD-46F4-908A-7C069C70B66E}"
EndProject
Global
	GlobalSection(SolutionConfigurationPlatforms) = preSolution
		Debug|Any CPU = Debug|Any CPU
		Release|Any CPU = Release|Any CPU
	EndGlobalSection
	GlobalSection(ProjectConfigurationPlatforms) = postSolution
		{41004ACB-29DD-46F4-908A-7C069C70B66E}.Debug|Any CPU.ActiveCfg = Debug|Any CPU
		{41004ACB-29DD-46F4-908A-7C069C70B66E}.Debug|Any CPU.Build.0 = Debug|Any CPU
		{41004ACB-29DD-46F4-908A-7C069C70B66E}.Release|Any CPU.ActiveCfg = Release|Any CPU
		{41004ACB-29DD-46F4-908A-7C069C70B66E}.Release|Any CPU.Build.0 = Release|Any CPU
	EndGlobalSection
	GlobalSection(SolutionProperties) = preSolution
		HideSolutionNode = FALSE
	EndGlobalSection
	GlobalSection(ExtensibilityGlobals) = postSolution
		SolutionGuid = {9481686B-89B1-400B-AB04-F95F73A2CFDE}
	EndGlobalSection
EndGlobal
